// !$*UTF8*$!
{
	archiveVersion = 1;
	classes = {
	};
	objectVersion = 50;
	objects = {

/* Begin PBXBuildFile section */
		1B21156025B1CFB700732633 /* ApiHandler.swift in Sources */ = {isa = PBXBuildFile; fileRef = 1B21155F25B1CFB700732633 /* ApiHandler.swift */; };
		1B21159F25B1D3DA00732633 /* URLParameters.swift in Sources */ = {isa = PBXBuildFile; fileRef = 1B21159E25B1D3DA00732633 /* URLParameters.swift */; };
		1B2115A325B1F13900732633 /* PixaBayHandler.swift in Sources */ = {isa = PBXBuildFile; fileRef = 1B2115A225B1F13900732633 /* PixaBayHandler.swift */; };
		1B2115A725B1F1F600732633 /* URLConstants.swift in Sources */ = {isa = PBXBuildFile; fileRef = 1B2115A625B1F1F600732633 /* URLConstants.swift */; };
		1B291ED725B1A62C002B6B8E /* AppDelegate.swift in Sources */ = {isa = PBXBuildFile; fileRef = 1B291ED625B1A62C002B6B8E /* AppDelegate.swift */; };
		1B291ED925B1A62C002B6B8E /* SceneDelegate.swift in Sources */ = {isa = PBXBuildFile; fileRef = 1B291ED825B1A62C002B6B8E /* SceneDelegate.swift */; };
		1B291EDB25B1A62C002B6B8E /* ViewController.swift in Sources */ = {isa = PBXBuildFile; fileRef = 1B291EDA25B1A62C002B6B8E /* ViewController.swift */; };
		1B291EDE25B1A62C002B6B8E /* Main.storyboard in Resources */ = {isa = PBXBuildFile; fileRef = 1B291EDC25B1A62C002B6B8E /* Main.storyboard */; };
		1B291EE025B1A62F002B6B8E /* Assets.xcassets in Resources */ = {isa = PBXBuildFile; fileRef = 1B291EDF25B1A62F002B6B8E /* Assets.xcassets */; };
		1B291EE325B1A62F002B6B8E /* LaunchScreen.storyboard in Resources */ = {isa = PBXBuildFile; fileRef = 1B291EE125B1A62F002B6B8E /* LaunchScreen.storyboard */; };
/* End PBXBuildFile section */

/* Begin PBXFileReference section */
		1B21155F25B1CFB700732633 /* ApiHandler.swift */ = {isa = PBXFileReference; lastKnownFileType = sourcecode.swift; path = ApiHandler.swift; sourceTree = "<group>"; };
		1B21159E25B1D3DA00732633 /* URLParameters.swift */ = {isa = PBXFileReference; lastKnownFileType = sourcecode.swift; path = URLParameters.swift; sourceTree = "<group>"; };
		1B2115A225B1F13900732633 /* PixaBayHandler.swift */ = {isa = PBXFileReference; lastKnownFileType = sourcecode.swift; path = PixaBayHandler.swift; sourceTree = "<group>"; };
		1B2115A625B1F1F600732633 /* URLConstants.swift */ = {isa = PBXFileReference; lastKnownFileType = sourcecode.swift; path = URLConstants.swift; sourceTree = "<group>"; };
		1B291ED325B1A62C002B6B8E /* PixiView.app */ = {isa = PBXFileReference; explicitFileType = wrapper.application; includeInIndex = 0; path = PixiView.app; sourceTree = BUILT_PRODUCTS_DIR; };
		1B291ED625B1A62C002B6B8E /* AppDelegate.swift */ = {isa = PBXFileReference; lastKnownFileType = sourcecode.swift; path = AppDelegate.swift; sourceTree = "<group>"; };
		1B291ED825B1A62C002B6B8E /* SceneDelegate.swift */ = {isa = PBXFileReference; lastKnownFileType = sourcecode.swift; path = SceneDelegate.swift; sourceTree = "<group>"; };
		1B291EDA25B1A62C002B6B8E /* ViewController.swift */ = {isa = PBXFileReference; lastKnownFileType = sourcecode.swift; path = ViewController.swift; sourceTree = "<group>"; };
		1B291EDD25B1A62C002B6B8E /* Base */ = {isa = PBXFileReference; lastKnownFileType = file.storyboard; name = Base; path = Base.lproj/Main.storyboard; sourceTree = "<group>"; };
		1B291EDF25B1A62F002B6B8E /* Assets.xcassets */ = {isa = PBXFileReference; lastKnownFileType = folder.assetcatalog; path = Assets.xcassets; sourceTree = "<group>"; };
		1B291EE225B1A62F002B6B8E /* Base */ = {isa = PBXFileReference; lastKnownFileType = file.storyboard; name = Base; path = Base.lproj/LaunchScreen.storyboard; sourceTree = "<group>"; };
		1B291EE425B1A62F002B6B8E /* Info.plist */ = {isa = PBXFileReference; lastKnownFileType = text.plist.xml; path = Info.plist; sourceTree = "<group>"; };
/* End PBXFileReference section */

/* Begin PBXFrameworksBuildPhase section */
		1B291ED025B1A62C002B6B8E /* Frameworks */ = {
			isa = PBXFrameworksBuildPhase;
			buildActionMask = 2147483647;
			files = (
			);
			runOnlyForDeploymentPostprocessing = 0;
		};
/* End PBXFrameworksBuildPhase section */

/* Begin PBXGroup section */
		1B21155E25B1CF9200732633 /* Network */ = {
			isa = PBXGroup;
			children = (
				1B21155F25B1CFB700732633 /* ApiHandler.swift */,
				1B21159E25B1D3DA00732633 /* URLParameters.swift */,
			);
			path = Network;
			sourceTree = "<group>";
		};
		1B2115A125B1F10F00732633 /* PixaBay */ = {
			isa = PBXGroup;
			children = (
				1B2115A225B1F13900732633 /* PixaBayHandler.swift */,
			);
			path = PixaBay;
			sourceTree = "<group>";
		};
		1B2115A525B1F1E600732633 /* Constants */ = {
			isa = PBXGroup;
			children = (
				1B2115A625B1F1F600732633 /* URLConstants.swift */,
			);
			path = Constants;
			sourceTree = "<group>";
		};
		1B291ECA25B1A62C002B6B8E = {
			isa = PBXGroup;
			children = (
				1B291ED525B1A62C002B6B8E /* PixiView */,
				1B291ED425B1A62C002B6B8E /* Products */,
			);
			sourceTree = "<group>";
		};
		1B291ED425B1A62C002B6B8E /* Products */ = {
			isa = PBXGroup;
			children = (
				1B291ED325B1A62C002B6B8E /* PixiView.app */,
			);
			name = Products;
			sourceTree = "<group>";
		};
		1B291ED525B1A62C002B6B8E /* PixiView */ = {
			isa = PBXGroup;
			children = (
				1B2115A525B1F1E600732633 /* Constants */,
				1B2115A125B1F10F00732633 /* PixaBay */,
				1B21155E25B1CF9200732633 /* Network */,
				1B291ED625B1A62C002B6B8E /* AppDelegate.swift */,
				1B291ED825B1A62C002B6B8E /* SceneDelegate.swift */,
				1B291EDA25B1A62C002B6B8E /* ViewController.swift */,
				1B291EDC25B1A62C002B6B8E /* Main.storyboard */,
				1B291EDF25B1A62F002B6B8E /* Assets.xcassets */,
				1B291EE125B1A62F002B6B8E /* LaunchScreen.storyboard */,
				1B291EE425B1A62F002B6B8E /* Info.plist */,
			);
			path = PixiView;
			sourceTree = "<group>";
		};
/* End PBXGroup section */

/* Begin PBXNativeTarget section */
		1B291ED225B1A62C002B6B8E /* PixiView */ = {
			isa = PBXNativeTarget;
			buildConfigurationList = 1B291EE725B1A62F002B6B8E /* Build configuration list for PBXNativeTarget "PixiView" */;
			buildPhases = (
				1B291ECF25B1A62C002B6B8E /* Sources */,
				1B291ED025B1A62C002B6B8E /* Frameworks */,
				1B291ED125B1A62C002B6B8E /* Resources */,
				1B21155A25B1C9A400732633 /* ShellScript */,
			);
			buildRules = (
			);
			dependencies = (
			);
			name = PixiView;
			productName = PixiView;
			productReference = 1B291ED325B1A62C002B6B8E /* PixiView.app */;
			productType = "com.apple.product-type.application";
		};
/* End PBXNativeTarget section */

/* Begin PBXProject section */
		1B291ECB25B1A62C002B6B8E /* Project object */ = {
			isa = PBXProject;
			attributes = {
				LastSwiftUpdateCheck = 1230;
				LastUpgradeCheck = 1230;
				TargetAttributes = {
					1B291ED225B1A62C002B6B8E = {
						CreatedOnToolsVersion = 12.3;
					};
				};
			};
			buildConfigurationList = 1B291ECE25B1A62C002B6B8E /* Build configuration list for PBXProject "PixiView" */;
			compatibilityVersion = "Xcode 9.3";
			developmentRegion = en;
			hasScannedForEncodings = 0;
			knownRegions = (
				en,
				Base,
			);
			mainGroup = 1B291ECA25B1A62C002B6B8E;
			productRefGroup = 1B291ED425B1A62C002B6B8E /* Products */;
			projectDirPath = "";
			projectRoot = "";
			targets = (
				1B291ED225B1A62C002B6B8E /* PixiView */,
			);
		};
/* End PBXProject section */

/* Begin PBXResourcesBuildPhase section */
		1B291ED125B1A62C002B6B8E /* Resources */ = {
			isa = PBXResourcesBuildPhase;
			buildActionMask = 2147483647;
			files = (
				1B291EE325B1A62F002B6B8E /* LaunchScreen.storyboard in Resources */,
				1B291EE025B1A62F002B6B8E /* Assets.xcassets in Resources */,
				1B291EDE25B1A62C002B6B8E /* Main.storyboard in Resources */,
			);
			runOnlyForDeploymentPostprocessing = 0;
		};
/* End PBXResourcesBuildPhase section */

/* Begin PBXShellScriptBuildPhase section */
		1B21155A25B1C9A400732633 /* ShellScript */ = {
			isa = PBXShellScriptBuildPhase;
			buildActionMask = 2147483647;
			files = (
			);
			inputFileListPaths = (
			);
			inputPaths = (
			);
			outputFileListPaths = (
			);
			outputPaths = (
			);
			runOnlyForDeploymentPostprocessing = 0;
			shellPath = /bin/sh;
			shellScript = "# Type a script or drag a script file from your workspace to insert its path.\nif which swiftlint >/dev/null; then\n  swiftlint\nelse\n  echo \"warning: SwiftLint not installed, download from https://github.com/realm/SwiftLint\"\nfi\n";
		};
/* End PBXShellScriptBuildPhase section */

/* Begin PBXSourcesBuildPhase section */
		1B291ECF25B1A62C002B6B8E /* Sources */ = {
			isa = PBXSourcesBuildPhase;
			buildActionMask = 2147483647;
			files = (
				1B291EDB25B1A62C002B6B8E /* ViewController.swift in Sources */,
				1B2115A325B1F13900732633 /* PixaBayHandler.swift in Sources */,
				1B291ED725B1A62C002B6B8E /* AppDelegate.swift in Sources */,
				1B2115A725B1F1F600732633 /* URLConstants.swift in Sources */,
				1B21159F25B1D3DA00732633 /* URLParameters.swift in Sources */,
				1B291ED925B1A62C002B6B8E /* SceneDelegate.swift in Sources */,
				1B21156025B1CFB700732633 /* ApiHandler.swift in Sources */,
			);
			runOnlyForDeploymentPostprocessing = 0;
		};
/* End PBXSourcesBuildPhase section */

/* Begin PBXVariantGroup section */
		1B291EDC25B1A62C002B6B8E /* Main.storyboard */ = {
			isa = PBXVariantGroup;
			children = (
				1B291EDD25B1A62C002B6B8E /* Base */,
			);
			name = Main.storyboard;
			sourceTree = "<group>";
		};
		1B291EE125B1A62F002B6B8E /* LaunchScreen.storyboard */ = {
			isa = PBXVariantGroup;
			children = (
				1B291EE225B1A62F002B6B8E /* Base */,
			);
			name = LaunchScreen.storyboard;
			sourceTree = "<group>";
		};
/* End PBXVariantGroup section */

/* Begin XCBuildConfiguration section */
		1B291EE525B1A62F002B6B8E /* Debug */ = {
			isa = XCBuildConfiguration;
			buildSettings = {
				ALWAYS_SEARCH_USER_PATHS = NO;
				CLANG_ANALYZER_NONNULL = YES;
				CLANG_ANALYZER_NUMBER_OBJECT_CONVERSION = YES_AGGRESSIVE;
				CLANG_CXX_LANGUAGE_STANDARD = "gnu++14";
				CLANG_CXX_LIBRARY = "libc++";
				CLANG_ENABLE_MODULES = YES;
				CLANG_ENABLE_OBJC_ARC = YES;
				CLANG_ENABLE_OBJC_WEAK = YES;
				CLANG_WARN_BLOCK_CAPTURE_AUTORELEASING = YES;
				CLANG_WARN_BOOL_CONVERSION = YES;
				CLANG_WARN_COMMA = YES;
				CLANG_WARN_CONSTANT_CONVERSION = YES;
				CLANG_WARN_DEPRECATED_OBJC_IMPLEMENTATIONS = YES;
				CLANG_WARN_DIRECT_OBJC_ISA_USAGE = YES_ERROR;
				CLANG_WARN_DOCUMENTATION_COMMENTS = YES;
				CLANG_WARN_EMPTY_BODY = YES;
				CLANG_WARN_ENUM_CONVERSION = YES;
				CLANG_WARN_INFINITE_RECURSION = YES;
				CLANG_WARN_INT_CONVERSION = YES;
				CLANG_WARN_NON_LITERAL_NULL_CONVERSION = YES;
				CLANG_WARN_OBJC_IMPLICIT_RETAIN_SELF = YES;
				CLANG_WARN_OBJC_LITERAL_CONVERSION = YES;
				CLANG_WARN_OBJC_ROOT_CLASS = YES_ERROR;
				CLANG_WARN_QUOTED_INCLUDE_IN_FRAMEWORK_HEADER = YES;
				CLANG_WARN_RANGE_LOOP_ANALYSIS = YES;
				CLANG_WARN_STRICT_PROTOTYPES = YES;
				CLANG_WARN_SUSPICIOUS_MOVE = YES;
				CLANG_WARN_UNGUARDED_AVAILABILITY = YES_AGGRESSIVE;
				CLANG_WARN_UNREACHABLE_CODE = YES;
				CLANG_WARN__DUPLICATE_METHOD_MATCH = YES;
				COPY_PHASE_STRIP = NO;
				DEBUG_INFORMATION_FORMAT = dwarf;
				ENABLE_STRICT_OBJC_MSGSEND = YES;
				ENABLE_TESTABILITY = YES;
				GCC_C_LANGUAGE_STANDARD = gnu11;
				GCC_DYNAMIC_NO_PIC = NO;
				GCC_NO_COMMON_BLOCKS = YES;
				GCC_OPTIMIZATION_LEVEL = 0;
				GCC_PREPROCESSOR_DEFINITIONS = (
					"DEBUG=1",
					"$(inherited)",
				);
				GCC_WARN_64_TO_32_BIT_CONVERSION = YES;
				GCC_WARN_ABOUT_RETURN_TYPE = YES_ERROR;
				GCC_WARN_UNDECLARED_SELECTOR = YES;
				GCC_WARN_UNINITIALIZED_AUTOS = YES_AGGRESSIVE;
				GCC_WARN_UNUSED_FUNCTION = YES;
				GCC_WARN_UNUSED_VARIABLE = YES;
				IPHONEOS_DEPLOYMENT_TARGET = 14.3;
				MTL_ENABLE_DEBUG_INFO = INCLUDE_SOURCE;
				MTL_FAST_MATH = YES;
				ONLY_ACTIVE_ARCH = YES;
				SDKROOT = iphoneos;
				SWIFT_ACTIVE_COMPILATION_CONDITIONS = DEBUG;
				SWIFT_OPTIMIZATION_LEVEL = "-Onone";
			};
			name = Debug;
		};
		1B291EE625B1A62F002B6B8E /* Release */ = {
			isa = XCBuildConfiguration;
			buildSettings = {
				ALWAYS_SEARCH_USER_PATHS = NO;
				CLANG_ANALYZER_NONNULL = YES;
				CLANG_ANALYZER_NUMBER_OBJECT_CONVERSION = YES_AGGRESSIVE;
				CLANG_CXX_LANGUAGE_STANDARD = "gnu++14";
				CLANG_CXX_LIBRARY = "libc++";
				CLANG_ENABLE_MODULES = YES;
				CLANG_ENABLE_OBJC_ARC = YES;
				CLANG_ENABLE_OBJC_WEAK = YES;
				CLANG_WARN_BLOCK_CAPTURE_AUTORELEASING = YES;
				CLANG_WARN_BOOL_CONVERSION = YES;
				CLANG_WARN_COMMA = YES;
				CLANG_WARN_CONSTANT_CONVERSION = YES;
				CLANG_WARN_DEPRECATED_OBJC_IMPLEMENTATIONS = YES;
				CLANG_WARN_DIRECT_OBJC_ISA_USAGE = YES_ERROR;
				CLANG_WARN_DOCUMENTATION_COMMENTS = YES;
				CLANG_WARN_EMPTY_BODY = YES;
				CLANG_WARN_ENUM_CONVERSION = YES;
				CLANG_WARN_INFINITE_RECURSION = YES;
				CLANG_WARN_INT_CONVERSION = YES;
				CLANG_WARN_NON_LITERAL_NULL_CONVERSION = YES;
				CLANG_WARN_OBJC_IMPLICIT_RETAIN_SELF = YES;
				CLANG_WARN_OBJC_LITERAL_CONVERSION = YES;
				CLANG_WARN_OBJC_ROOT_CLASS = YES_ERROR;
				CLANG_WARN_QUOTED_INCLUDE_IN_FRAMEWORK_HEADER = YES;
				CLANG_WARN_RANGE_LOOP_ANALYSIS = YES;
				CLANG_WARN_STRICT_PROTOTYPES = YES;
				CLANG_WARN_SUSPICIOUS_MOVE = YES;
				CLANG_WARN_UNGUARDED_AVAILABILITY = YES_AGGRESSIVE;
				CLANG_WARN_UNREACHABLE_CODE = YES;
				CLANG_WARN__DUPLICATE_METHOD_MATCH = YES;
				COPY_PHASE_STRIP = NO;
				DEBUG_INFORMATION_FORMAT = "dwarf-with-dsym";
				ENABLE_NS_ASSERTIONS = NO;
				ENABLE_STRICT_OBJC_MSGSEND = YES;
				GCC_C_LANGUAGE_STANDARD = gnu11;
				GCC_NO_COMMON_BLOCKS = YES;
				GCC_WARN_64_TO_32_BIT_CONVERSION = YES;
				GCC_WARN_ABOUT_RETURN_TYPE = YES_ERROR;
				GCC_WARN_UNDECLARED_SELECTOR = YES;
				GCC_WARN_UNINITIALIZED_AUTOS = YES_AGGRESSIVE;
				GCC_WARN_UNUSED_FUNCTION = YES;
				GCC_WARN_UNUSED_VARIABLE = YES;
				IPHONEOS_DEPLOYMENT_TARGET = 14.3;
				MTL_ENABLE_DEBUG_INFO = NO;
				MTL_FAST_MATH = YES;
				SDKROOT = iphoneos;
				SWIFT_COMPILATION_MODE = wholemodule;
				SWIFT_OPTIMIZATION_LEVEL = "-O";
				VALIDATE_PRODUCT = YES;
			};
			name = Release;
		};
		1B291EE825B1A62F002B6B8E /* Debug */ = {
			isa = XCBuildConfiguration;
			buildSettings = {
				ASSETCATALOG_COMPILER_APPICON_NAME = AppIcon;
				ASSETCATALOG_COMPILER_GLOBAL_ACCENT_COLOR_NAME = AccentColor;
				CODE_SIGN_STYLE = Automatic;
				DEVELOPMENT_TEAM = 7V9R785DKM;
				INFOPLIST_FILE = PixiView/Info.plist;
				LD_RUNPATH_SEARCH_PATHS = (
					"$(inherited)",
					"@executable_path/Frameworks",
				);
				PRODUCT_BUNDLE_IDENTIFIER = com.project.PixiView;
				PRODUCT_NAME = "$(TARGET_NAME)";
				SWIFT_VERSION = 5.0;
				TARGETED_DEVICE_FAMILY = 1;
			};
			name = Debug;
		};
		1B291EE925B1A62F002B6B8E /* Release */ = {
			isa = XCBuildConfiguration;
			buildSettings = {
				ASSETCATALOG_COMPILER_APPICON_NAME = AppIcon;
				ASSETCATALOG_COMPILER_GLOBAL_ACCENT_COLOR_NAME = AccentColor;
				CODE_SIGN_STYLE = Automatic;
				DEVELOPMENT_TEAM = 7V9R785DKM;
				INFOPLIST_FILE = PixiView/Info.plist;
				LD_RUNPATH_SEARCH_PATHS = (
					"$(inherited)",
					"@executable_path/Frameworks",
				);
				PRODUCT_BUNDLE_IDENTIFIER = com.project.PixiView;
				PRODUCT_NAME = "$(TARGET_NAME)";
				SWIFT_VERSION = 5.0;
				TARGETED_DEVICE_FAMILY = 1;
			};
			name = Release;
		};
/* End XCBuildConfiguration section */

/* Begin XCConfigurationList section */
		1B291ECE25B1A62C002B6B8E /* Build configuration list for PBXProject "PixiView" */ = {
			isa = XCConfigurationList;
			buildConfigurations = (
				1B291EE525B1A62F002B6B8E /* Debug */,
				1B291EE625B1A62F002B6B8E /* Release */,
			);
			defaultConfigurationIsVisible = 0;
			defaultConfigurationName = Release;
		};
		1B291EE725B1A62F002B6B8E /* Build configuration list for PBXNativeTarget "PixiView" */ = {
			isa = XCConfigurationList;
			buildConfigurations = (
				1B291EE825B1A62F002B6B8E /* Debug */,
				1B291EE925B1A62F002B6B8E /* Release */,
			);
			defaultConfigurationIsVisible = 0;
			defaultConfigurationName = Release;
		};
/* End XCConfigurationList section */
	};
	rootObject = 1B291ECB25B1A62C002B6B8E /* Project object */;
}
